Microsoft Visual Studio Solution File, Format Version 12.00
# Visual Studio 2012
Project("{FAE04EC0-301F-11D3-BF4B-00C04F79EFBC}") = "Darkthorn.Quest", "Darkthorn.Quest.csproj", "{BFA5D3CD-DDC4-4B00-90D9-89312345D902}"
EndProject
Global
	GlobalSection(SolutionConfigurationPlatforms) = preSolution
	Debug|Any CPU = Debug|Any CPU
	ExportDebug|Any CPU = ExportDebug|Any CPU
	ExportRelease|Any CPU = ExportRelease|Any CPU
	EndGlobalSection
	GlobalSection(ProjectConfigurationPlatforms) = postSolution
		{BFA5D3CD-DDC4-4B00-90D9-89312345D902}.Debug|Any CPU.ActiveCfg = Debug|Any CPU
		{BFA5D3CD-DDC4-4B00-90D9-89312345D902}.Debug|Any CPU.Build.0 = Debug|Any CPU
		{BFA5D3CD-DDC4-4B00-90D9-89312345D902}.ExportDebug|Any CPU.ActiveCfg = ExportDebug|Any CPU
		{BFA5D3CD-DDC4-4B00-90D9-89312345D902}.ExportDebug|Any CPU.Build.0 = ExportDebug|Any CPU
		{BFA5D3CD-DDC4-4B00-90D9-89312345D902}.ExportRelease|Any CPU.ActiveCfg = ExportRelease|Any CPU
		{BFA5D3CD-DDC4-4B00-90D9-89312345D902}.ExportRelease|Any CPU.Build.0 = ExportRelease|Any CPU
	EndGlobalSection
EndGlobal
